// !$*UTF8*$!
{
	archiveVersion = 1;
	classes = {
	};
	objectVersion = 46;
	objects = {

/* Begin PBXBuildFile section */
		505AFF8A1D95A856006148C8 /* AppDelegate.swift in Sources */ = {isa = PBXBuildFile; fileRef = 505AFF891D95A856006148C8 /* AppDelegate.swift */; };
		505AFF8C1D95A856006148C8 /* ViewController.swift in Sources */ = {isa = PBXBuildFile; fileRef = 505AFF8B1D95A856006148C8 /* ViewController.swift */; };
		505AFF8F1D95A856006148C8 /* Main.storyboard in Resources */ = {isa = PBXBuildFile; fileRef = 505AFF8D1D95A856006148C8 /* Main.storyboard */; };
		505AFF911D95A856006148C8 /* Assets.xcassets in Resources */ = {isa = PBXBuildFile; fileRef = 505AFF901D95A856006148C8 /* Assets.xcassets */; };
		505AFF941D95A856006148C8 /* LaunchScreen.storyboard in Resources */ = {isa = PBXBuildFile; fileRef = 505AFF921D95A856006148C8 /* LaunchScreen.storyboard */; };
		505AFF9C1D95B707006148C8 /* Jurassic Park.ttf in Resources */ = {isa = PBXBuildFile; fileRef = 505AFF9B1D95B707006148C8 /* Jurassic Park.ttf */; };
		505AFFA01D95C0FF006148C8 /* Localizable.strings in Resources */ = {isa = PBXBuildFile; fileRef = 505AFFA21D95C0FF006148C8 /* Localizable.strings */; };
		505AFFA61D95CD52006148C8 /* ViewController2.swift in Sources */ = {isa = PBXBuildFile; fileRef = 505AFFA51D95CD52006148C8 /* ViewController2.swift */; };
/* End PBXBuildFile section */

/* Begin PBXFileReference section */
		505AFF861D95A856006148C8 /* NavigationExample.app */ = {isa = PBXFileReference; explicitFileType = wrapper.application; includeInIndex = 0; path = NavigationExample.app; sourceTree = BUILT_PRODUCTS_DIR; };
		505AFF891D95A856006148C8 /* AppDelegate.swift */ = {isa = PBXFileReference; lastKnownFileType = sourcecode.swift; path = AppDelegate.swift; sourceTree = "<group>"; };
		505AFF8B1D95A856006148C8 /* ViewController.swift */ = {isa = PBXFileReference; lastKnownFileType = sourcecode.swift; path = ViewController.swift; sourceTree = "<group>"; };
		505AFF8E1D95A856006148C8 /* Base */ = {isa = PBXFileReference; lastKnownFileType = file.storyboard; name = Base; path = Base.lproj/Main.storyboard; sourceTree = "<group>"; };
		505AFF901D95A856006148C8 /* Assets.xcassets */ = {isa = PBXFileReference; lastKnownFileType = folder.assetcatalog; path = Assets.xcassets; sourceTree = "<group>"; };
		505AFF931D95A856006148C8 /* Base */ = {isa = PBXFileReference; lastKnownFileType = file.storyboard; name = Base; path = Base.lproj/LaunchScreen.storyboard; sourceTree = "<group>"; };
		505AFF951D95A856006148C8 /* Info.plist */ = {isa = PBXFileReference; lastKnownFileType = text.plist.xml; path = Info.plist; sourceTree = "<group>"; };
		505AFF9B1D95B707006148C8 /* Jurassic Park.ttf */ = {isa = PBXFileReference; lastKnownFileType = file; name = "Jurassic Park.ttf"; path = "NavigationExample/Jurassic Park.ttf"; sourceTree = "<group>"; };
		505AFFA11D95C0FF006148C8 /* Base */ = {isa = PBXFileReference; lastKnownFileType = text.plist.strings; name = Base; path = Base.lproj/Localizable.strings; sourceTree = "<group>"; };
		505AFFA31D95C120006148C8 /* en */ = {isa = PBXFileReference; lastKnownFileType = text.plist.strings; name = en; path = en.lproj/Localizable.strings; sourceTree = "<group>"; };
		505AFFA41D95C581006148C8 /* es */ = {isa = PBXFileReference; lastKnownFileType = text.plist.strings; name = es; path = es.lproj/Localizable.strings; sourceTree = "<group>"; };
		505AFFA51D95CD52006148C8 /* ViewController2.swift */ = {isa = PBXFileReference; fileEncoding = 4; lastKnownFileType = sourcecode.swift; name = ViewController2.swift; path = ../ViewController2.swift; sourceTree = "<group>"; };
/* End PBXFileReference section */

/* Begin PBXFrameworksBuildPhase section */
		505AFF831D95A856006148C8 /* Frameworks */ = {
			isa = PBXFrameworksBuildPhase;
			buildActionMask = 2147483647;
			files = (
			);
			runOnlyForDeploymentPostprocessing = 0;
		};
/* End PBXFrameworksBuildPhase section */

/* Begin PBXGroup section */
		505AFF7D1D95A856006148C8 = {
			isa = PBXGroup;
			children = (
				505AFFA21D95C0FF006148C8 /* Localizable.strings */,
				505AFF9D1D95B7A4006148C8 /* assets */,
				505AFF881D95A856006148C8 /* NavigationExample */,
				505AFF871D95A856006148C8 /* Products */,
			);
			sourceTree = "<group>";
		};
		505AFF871D95A856006148C8 /* Products */ = {
			isa = PBXGroup;
			children = (
				505AFF861D95A856006148C8 /* NavigationExample.app */,
			);
			name = Products;
			sourceTree = "<group>";
		};
		505AFF881D95A856006148C8 /* NavigationExample */ = {
			isa = PBXGroup;
			children = (
				505AFF891D95A856006148C8 /* AppDelegate.swift */,
				505AFF8B1D95A856006148C8 /* ViewController.swift */,
				505AFFA51D95CD52006148C8 /* ViewController2.swift */,
				505AFF8D1D95A856006148C8 /* Main.storyboard */,
				505AFF901D95A856006148C8 /* Assets.xcassets */,
				505AFF921D95A856006148C8 /* LaunchScreen.storyboard */,
				505AFF951D95A856006148C8 /* Info.plist */,
			);
			path = NavigationExample;
			sourceTree = "<group>";
		};
		505AFF9D1D95B7A4006148C8 /* assets */ = {
			isa = PBXGroup;
			children = (
				505AFF9B1D95B707006148C8 /* Jurassic Park.ttf */,
			);
			name = assets;
			sourceTree = "<group>";
		};
/* End PBXGroup section */

/* Begin PBXNativeTarget section */
		505AFF851D95A856006148C8 /* NavigationExample */ = {
			isa = PBXNativeTarget;
			buildConfigurationList = 505AFF981D95A856006148C8 /* Build configuration list for PBXNativeTarget "NavigationExample" */;
			buildPhases = (
				505AFF821D95A856006148C8 /* Sources */,
				505AFF831D95A856006148C8 /* Frameworks */,
				505AFF841D95A856006148C8 /* Resources */,
			);
			buildRules = (
			);
			dependencies = (
			);
			name = NavigationExample;
			productName = NavigationExample;
			productReference = 505AFF861D95A856006148C8 /* NavigationExample.app */;
			productType = "com.apple.product-type.application";
		};
/* End PBXNativeTarget section */

/* Begin PBXProject section */
		505AFF7E1D95A856006148C8 /* Project object */ = {
			isa = PBXProject;
			attributes = {
				LastSwiftUpdateCheck = 0730;
				LastUpgradeCheck = 0730;
				ORGANIZATIONNAME = Nitrogena;
				TargetAttributes = {
					505AFF851D95A856006148C8 = {
						CreatedOnToolsVersion = 7.3.1;
					};
				};
			};
			buildConfigurationList = 505AFF811D95A856006148C8 /* Build configuration list for PBXProject "NavigationExample" */;
			compatibilityVersion = "Xcode 3.2";
			developmentRegion = English;
			hasScannedForEncodings = 0;
			knownRegions = (
				en,
				Base,
				es,
			);
			mainGroup = 505AFF7D1D95A856006148C8;
			productRefGroup = 505AFF871D95A856006148C8 /* Products */;
			projectDirPath = "";
			projectRoot = "";
			targets = (
				505AFF851D95A856006148C8 /* NavigationExample */,
			);
		};
/* End PBXProject section */

/* Begin PBXResourcesBuildPhase section */
		505AFF841D95A856006148C8 /* Resources */ = {
			isa = PBXResourcesBuildPhase;
			buildActionMask = 2147483647;
			files = (
				505AFFA01D95C0FF006148C8 /* Localizable.strings in Resources */,
				505AFF941D95A856006148C8 /* LaunchScreen.storyboard in Resources */,
				505AFF911D95A856006148C8 /* Assets.xcassets in Resources */,
				505AFF8F1D95A856006148C8 /* Main.storyboard in Resources */,
				505AFF9C1D95B707006148C8 /* Jurassic Park.ttf in Resources */,
			);
			runOnlyForDeploymentPostprocessing = 0;
		};
/* End PBXResourcesBuildPhase section */

/* Begin PBXSourcesBuildPhase section */
		505AFF821D95A856006148C8 /* Sources */ = {
			isa = PBXSourcesBuildPhase;
			buildActionMask = 2147483647;
			files = (
				505AFF8C1D95A856006148C8 /* ViewController.swift in Sources */,
				505AFF8A1D95A856006148C8 /* AppDelegate.swift in Sources */,
				505AFFA61D95CD52006148C8 /* ViewController2.swift in Sources */,
			);
			runOnlyForDeploymentPostprocessing = 0;
		};
/* End PBXSourcesBuildPhase section */

/* Begin PBXVariantGroup section */
		505AFF8D1D95A856006148C8 /* Main.storyboard */ = {
			isa = PBXVariantGroup;
			children = (
				505AFF8E1D95A856006148C8 /* Base */,
			);
			name = Main.storyboard;
			sourceTree = "<group>";
		};
		505AFF921D95A856006148C8 /* LaunchScreen.storyboard */ = {
			isa = PBXVariantGroup;
			children = (
				505AFF931D95A856006148C8 /* Base */,
			);
			name = LaunchScreen.storyboard;
			sourceTree = "<group>";
		};
		505AFFA21D95C0FF006148C8 /* Localizable.strings */ = {
			isa = PBXVariantGroup;
			children = (
				505AFFA11D95C0FF006148C8 /* Base */,
				505AFFA31D95C120006148C8 /* en */,
				505AFFA41D95C581006148C8 /* es */,
			);
			name = Localizable.strings;
			sourceTree = "<group>";
		};
/* End PBXVariantGroup section */

/* Begin XCBuildConfiguration section */
		505AFF961D95A856006148C8 /* Debug */ = {
			isa = XCBuildConfiguration;
			buildSettings = {
				ALWAYS_SEARCH_USER_PATHS = NO;
				CLANG_ANALYZER_NONNULL = YES;
				CLANG_CXX_LANGUAGE_STANDARD = "gnu++0x";
				CLANG_CXX_LIBRARY = "libc++";
				CLANG_ENABLE_MODULES = YES;
				CLANG_ENABLE_OBJC_ARC = YES;
				CLANG_WARN_BOOL_CONVERSION = YES;
				CLANG_WARN_CONSTANT_CONVERSION = YES;
				CLANG_WARN_DIRECT_OBJC_ISA_USAGE = YES_ERROR;
				CLANG_WARN_EMPTY_BODY = YES;
				CLANG_WARN_ENUM_CONVERSION = YES;
				CLANG_WARN_INT_CONVERSION = YES;
				CLANG_WARN_OBJC_ROOT_CLASS = YES_ERROR;
				CLANG_WARN_UNREACHABLE_CODE = YES;
				CLANG_WARN__DUPLICATE_METHOD_MATCH = YES;
				"CODE_SIGN_IDENTITY[sdk=iphoneos*]" = "iPhone Developer";
				COPY_PHASE_STRIP = NO;
				DEBUG_INFORMATION_FORMAT = dwarf;
				ENABLE_STRICT_OBJC_MSGSEND = YES;
				ENABLE_TESTABILITY = YES;
				GCC_C_LANGUAGE_STANDARD = gnu99;
				GCC_DYNAMIC_NO_PIC = NO;
				GCC_NO_COMMON_BLOCKS = YES;
				GCC_OPTIMIZATION_LEVEL = 0;
				GCC_PREPROCESSOR_DEFINITIONS = (
					"DEBUG=1",
					"$(inherited)",
				);
				GCC_WARN_64_TO_32_BIT_CONVERSION = YES;
				GCC_WARN_ABOUT_RETURN_TYPE = YES_ERROR;
				GCC_WARN_UNDECLARED_SELECTOR = YES;
				GCC_WARN_UNINITIALIZED_AUTOS = YES_AGGRESSIVE;
				GCC_WARN_UNUSED_FUNCTION = YES;
				GCC_WARN_UNUSED_VARIABLE = YES;
				IPHONEOS_DEPLOYMENT_TARGET = 9.3;
				MTL_ENABLE_DEBUG_INFO = YES;
				ONLY_ACTIVE_ARCH = YES;
				SDKROOT = iphoneos;
				SWIFT_OPTIMIZATION_LEVEL = "-Onone";
			};
			name = Debug;
		};
		505AFF971D95A856006148C8 /* Release */ = {
			isa = XCBuildConfiguration;
			buildSettings = {
				ALWAYS_SEARCH_USER_PATHS = NO;
				CLANG_ANALYZER_NONNULL = YES;
				CLANG_CXX_LANGUAGE_STANDARD = "gnu++0x";
				CLANG_CXX_LIBRARY = "libc++";
				CLANG_ENABLE_MODULES = YES;
				CLANG_ENABLE_OBJC_ARC = YES;
				CLANG_WARN_BOOL_CONVERSION = YES;
				CLANG_WARN_CONSTANT_CONVERSION = YES;
				CLANG_WARN_DIRECT_OBJC_ISA_USAGE = YES_ERROR;
				CLANG_WARN_EMPTY_BODY = YES;
				CLANG_WARN_ENUM_CONVERSION = YES;
				CLANG_WARN_INT_CONVERSION = YES;
				CLANG_WARN_OBJC_ROOT_CLASS = YES_ERROR;
				CLANG_WARN_UNREACHABLE_CODE = YES;
				CLANG_WARN__DUPLICATE_METHOD_MATCH = YES;
				"CODE_SIGN_IDENTITY[sdk=iphoneos*]" = "iPhone Developer";
				COPY_PHASE_STRIP = NO;
				DEBUG_INFORMATION_FORMAT = "dwarf-with-dsym";
				ENABLE_NS_ASSERTIONS = NO;
				ENABLE_STRICT_OBJC_MSGSEND = YES;
				GCC_C_LANGUAGE_STANDARD = gnu99;
				GCC_NO_COMMON_BLOCKS = YES;
				GCC_WARN_64_TO_32_BIT_CONVERSION = YES;
				GCC_WARN_ABOUT_RETURN_TYPE = YES_ERROR;
				GCC_WARN_UNDECLARED_SELECTOR = YES;
				GCC_WARN_UNINITIALIZED_AUTOS = YES_AGGRESSIVE;
				GCC_WARN_UNUSED_FUNCTION = YES;
				GCC_WARN_UNUSED_VARIABLE = YES;
				IPHONEOS_DEPLOYMENT_TARGET = 9.3;
				MTL_ENABLE_DEBUG_INFO = NO;
				SDKROOT = iphoneos;
				VALIDATE_PRODUCT = YES;
			};
			name = Release;
		};
		505AFF991D95A856006148C8 /* Debug */ = {
			isa = XCBuildConfiguration;
			buildSettings = {
				ASSETCATALOG_COMPILER_APPICON_NAME = AppIcon;
				CODE_SIGN_IDENTITY = "iPhone Developer";
				INFOPLIST_FILE = NavigationExample/Info.plist;
				LD_RUNPATH_SEARCH_PATHS = "$(inherited) @executable_path/Frameworks";
				PRODUCT_BUNDLE_IDENTIFIER = mx.unam.dadm.mod7.NavigationExample;
				PRODUCT_NAME = "$(TARGET_NAME)";
				TARGETED_DEVICE_FAMILY = 1;
			};
			name = Debug;
		};
		505AFF9A1D95A856006148C8 /* Release */ = {
			isa = XCBuildConfiguration;
			buildSettings = {
				ASSETCATALOG_COMPILER_APPICON_NAME = AppIcon;
				CODE_SIGN_IDENTITY = "iPhone Developer";
				INFOPLIST_FILE = NavigationExample/Info.plist;
				LD_RUNPATH_SEARCH_PATHS = "$(inherited) @executable_path/Frameworks";
				PRODUCT_BUNDLE_IDENTIFIER = mx.unam.dadm.mod7.NavigationExample;
				PRODUCT_NAME = "$(TARGET_NAME)";
				TARGETED_DEVICE_FAMILY = 1;
			};
			name = Release;
		};
/* End XCBuildConfiguration section */

/* Begin XCConfigurationList section */
		505AFF811D95A856006148C8 /* Build configuration list for PBXProject "NavigationExample" */ = {
			isa = XCConfigurationList;
			buildConfigurations = (
				505AFF961D95A856006148C8 /* Debug */,
				505AFF971D95A856006148C8 /* Release */,
			);
			defaultConfigurationIsVisible = 0;
			defaultConfigurationName = Release;
		};
		505AFF981D95A856006148C8 /* Build configuration list for PBXNativeTarget "NavigationExample" */ = {
			isa = XCConfigurationList;
			buildConfigurations = (
				505AFF991D95A856006148C8 /* Debug */,
				505AFF9A1D95A856006148C8 /* Release */,
			);
			defaultConfigurationIsVisible = 0;
		};
/* End XCConfigurationList section */
	};
	rootObject = 505AFF7E1D95A856006148C8 /* Project object */;
}
